
Microsoft Visual Studio Solution File, Format Version 12.00
# Visual Studio Version 17
VisualStudioVersion = 17.11.35327.3
MinimumVisualStudioVersion = 10.0.40219.1
Project("{FAE04EC0-301F-11D3-BF4B-00C04F79EFBC}") = "Zadanie1M", "Zadanie1M\Zadanie1M.csproj", "{9782F987-1A2D-4E40-81A6-56E2BBE1ECAA}"
EndProject
Project("{FAE04EC0-301F-11D3-BF4B-00C04F79EFBC}") = "Zadanie2metody", "Zadanie2metody\Zadanie2metody.csproj", "{D7CFE918-6F8E-4CA2-AAF9-595CE0867F5B}"
EndProject
Project("{FAE04EC0-301F-11D3-BF4B-00C04F79EFBC}") = "Zadanie3metody", "Zadanie3metody\Zadanie3metody.csproj", "{2302BF7B-6999-4D9B-9FAB-6A6ADF0EF660}"
EndProject
Project("{FAE04EC0-301F-11D3-BF4B-00C04F79EFBC}") = "zadanie4M", "zadanie4M\zadanie4M.csproj", "{64552AD8-B026-4C07-8175-6385743EB2FF}"
EndProject
Project("{FAE04EC0-301F-11D3-BF4B-00C04F79EFBC}") = "Zadanie5M", "Zadanie5M\Zadanie5M.csproj", "{9ABE1CED-CF57-4317-80E8-815694E2605C}"
EndProject
Project("{FAE04EC0-301F-11D3-BF4B-00C04F79EFBC}") = "Zadanie6M", "Zadanie6M\Zadanie6M.csproj", "{9FE8E88D-0CFA-443C-9277-609F3A0DB326}"
EndProject
Global
	GlobalSection(SolutionConfigurationPlatforms) = preSolution
		Debug|Any CPU = Debug|Any CPU
		Release|Any CPU = Release|Any CPU
	EndGlobalSection
	GlobalSection(ProjectConfigurationPlatforms) = postSolution
		{9782F987-1A2D-4E40-81A6-56E2BBE1ECAA}.Debug|Any CPU.ActiveCfg = Debug|Any CPU
		{9782F987-1A2D-4E40-81A6-56E2BBE1ECAA}.Debug|Any CPU.Build.0 = Debug|Any CPU
		{9782F987-1A2D-4E40-81A6-56E2BBE1ECAA}.Release|Any CPU.ActiveCfg = Release|Any CPU
		{9782F987-1A2D-4E40-81A6-56E2BBE1ECAA}.Release|Any CPU.Build.0 = Release|Any CPU
		{D7CFE918-6F8E-4CA2-AAF9-595CE0867F5B}.Debug|Any CPU.ActiveCfg = Debug|Any CPU
		{D7CFE918-6F8E-4CA2-AAF9-595CE0867F5B}.Debug|Any CPU.Build.0 = Debug|Any CPU
		{D7CFE918-6F8E-4CA2-AAF9-595CE0867F5B}.Release|Any CPU.ActiveCfg = Release|Any CPU
		{D7CFE918-6F8E-4CA2-AAF9-595CE0867F5B}.Release|Any CPU.Build.0 = Release|Any CPU
		{2302BF7B-6999-4D9B-9FAB-6A6ADF0EF660}.Debug|Any CPU.ActiveCfg = Debug|Any CPU
		{2302BF7B-6999-4D9B-9FAB-6A6ADF0EF660}.Debug|Any CPU.Build.0 = Debug|Any CPU
		{2302BF7B-6999-4D9B-9FAB-6A6ADF0EF660}.Release|Any CPU.ActiveCfg = Release|Any CPU
		{2302BF7B-6999-4D9B-9FAB-6A6ADF0EF660}.Release|Any CPU.Build.0 = Release|Any CPU
		{64552AD8-B026-4C07-8175-6385743EB2FF}.Debug|Any CPU.ActiveCfg = Debug|Any CPU
		{64552AD8-B026-4C07-8175-6385743EB2FF}.Debug|Any CPU.Build.0 = Debug|Any CPU
		{64552AD8-B026-4C07-8175-6385743EB2FF}.Release|Any CPU.ActiveCfg = Release|Any CPU
		{64552AD8-B026-4C07-8175-6385743EB2FF}.Release|Any CPU.Build.0 = Release|Any CPU
		{9ABE1CED-CF57-4317-80E8-815694E2605C}.Debug|Any CPU.ActiveCfg = Debug|Any CPU
		{9ABE1CED-CF57-4317-80E8-815694E2605C}.Debug|Any CPU.Build.0 = Debug|Any CPU
		{9ABE1CED-CF57-4317-80E8-815694E2605C}.Release|Any CPU.ActiveCfg = Release|Any CPU
		{9ABE1CED-CF57-4317-80E8-815694E2605C}.Release|Any CPU.Build.0 = Release|Any CPU
		{9FE8E88D-0CFA-443C-9277-609F3A0DB326}.Debug|Any CPU.ActiveCfg = Debug|Any CPU
		{9FE8E88D-0CFA-443C-9277-609F3A0DB326}.Debug|Any CPU.Build.0 = Debug|Any CPU
		{9FE8E88D-0CFA-443C-9277-609F3A0DB326}.Release|Any CPU.ActiveCfg = Release|Any CPU
		{9FE8E88D-0CFA-443C-9277-609F3A0DB326}.Release|Any CPU.Build.0 = Release|Any CPU
	EndGlobalSection
	GlobalSection(SolutionProperties) = preSolution
		HideSolutionNode = FALSE
	EndGlobalSection
	GlobalSection(ExtensibilityGlobals) = postSolution
		SolutionGuid = {3CA9961B-6030-4E40-A5E4-80819B808698}
	EndGlobalSection
EndGlobal
