
Microsoft Visual Studio Solution File, Format Version 12.00
# Visual Studio Version 17
VisualStudioVersion = 17.11.35327.3
MinimumVisualStudioVersion = 10.0.40219.1
Project("{FAE04EC0-301F-11D3-BF4B-00C04F79EFBC}") = "Zadanie1p", "Zadanie1p\Zadanie1p.csproj", "{A5BC59A5-923A-4FAE-BF1B-FFE02B9D58D7}"
EndProject
Project("{FAE04EC0-301F-11D3-BF4B-00C04F79EFBC}") = "Zadanie2p", "Zadanie2i\Zadanie2p.csproj", "{BD05A90C-27D9-4C28-B447-278CFFC63FDB}"
EndProject
Project("{FAE04EC0-301F-11D3-BF4B-00C04F79EFBC}") = "Zadanie3p", "Zadanie3p\Zadanie3p.csproj", "{E036458E-FC8F-49B9-8559-1FFC35744DDF}"
EndProject
Project("{FAE04EC0-301F-11D3-BF4B-00C04F79EFBC}") = "Zadanie4p", "Zadanie4p\Zadanie4p.csproj", "{16482BAA-B541-4DEC-A19A-025C3896124E}"
EndProject
Project("{FAE04EC0-301F-11D3-BF4B-00C04F79EFBC}") = "Zadanie5p", "Zadanie5p\Zadanie5p.csproj", "{927A78ED-79A3-4AEC-944E-CF6D119F1487}"
EndProject
Project("{FAE04EC0-301F-11D3-BF4B-00C04F79EFBC}") = "Zadanie6p", "Zadanie6p\Zadanie6p.csproj", "{E54207C4-3352-4146-A0D7-E997C78B7A12}"
EndProject
Project("{FAE04EC0-301F-11D3-BF4B-00C04F79EFBC}") = "Zadanie7p", "Zadanie7p\Zadanie7p.csproj", "{53CFF431-FF92-447A-ADF7-6AF4F3823011}"
EndProject
Global
	GlobalSection(SolutionConfigurationPlatforms) = preSolution
		Debug|Any CPU = Debug|Any CPU
		Release|Any CPU = Release|Any CPU
	EndGlobalSection
	GlobalSection(ProjectConfigurationPlatforms) = postSolution
		{A5BC59A5-923A-4FAE-BF1B-FFE02B9D58D7}.Debug|Any CPU.ActiveCfg = Debug|Any CPU
		{A5BC59A5-923A-4FAE-BF1B-FFE02B9D58D7}.Debug|Any CPU.Build.0 = Debug|Any CPU
		{A5BC59A5-923A-4FAE-BF1B-FFE02B9D58D7}.Release|Any CPU.ActiveCfg = Release|Any CPU
		{A5BC59A5-923A-4FAE-BF1B-FFE02B9D58D7}.Release|Any CPU.Build.0 = Release|Any CPU
		{BD05A90C-27D9-4C28-B447-278CFFC63FDB}.Debug|Any CPU.ActiveCfg = Debug|Any CPU
		{BD05A90C-27D9-4C28-B447-278CFFC63FDB}.Debug|Any CPU.Build.0 = Debug|Any CPU
		{BD05A90C-27D9-4C28-B447-278CFFC63FDB}.Release|Any CPU.ActiveCfg = Release|Any CPU
		{BD05A90C-27D9-4C28-B447-278CFFC63FDB}.Release|Any CPU.Build.0 = Release|Any CPU
		{E036458E-FC8F-49B9-8559-1FFC35744DDF}.Debug|Any CPU.ActiveCfg = Debug|Any CPU
		{E036458E-FC8F-49B9-8559-1FFC35744DDF}.Debug|Any CPU.Build.0 = Debug|Any CPU
		{E036458E-FC8F-49B9-8559-1FFC35744DDF}.Release|Any CPU.ActiveCfg = Release|Any CPU
		{E036458E-FC8F-49B9-8559-1FFC35744DDF}.Release|Any CPU.Build.0 = Release|Any CPU
		{16482BAA-B541-4DEC-A19A-025C3896124E}.Debug|Any CPU.ActiveCfg = Debug|Any CPU
		{16482BAA-B541-4DEC-A19A-025C3896124E}.Debug|Any CPU.Build.0 = Debug|Any CPU
		{16482BAA-B541-4DEC-A19A-025C3896124E}.Release|Any CPU.ActiveCfg = Release|Any CPU
		{16482BAA-B541-4DEC-A19A-025C3896124E}.Release|Any CPU.Build.0 = Release|Any CPU
		{927A78ED-79A3-4AEC-944E-CF6D119F1487}.Debug|Any CPU.ActiveCfg = Debug|Any CPU
		{927A78ED-79A3-4AEC-944E-CF6D119F1487}.Debug|Any CPU.Build.0 = Debug|Any CPU
		{927A78ED-79A3-4AEC-944E-CF6D119F1487}.Release|Any CPU.ActiveCfg = Release|Any CPU
		{927A78ED-79A3-4AEC-944E-CF6D119F1487}.Release|Any CPU.Build.0 = Release|Any CPU
		{E54207C4-3352-4146-A0D7-E997C78B7A12}.Debug|Any CPU.ActiveCfg = Debug|Any CPU
		{E54207C4-3352-4146-A0D7-E997C78B7A12}.Debug|Any CPU.Build.0 = Debug|Any CPU
		{E54207C4-3352-4146-A0D7-E997C78B7A12}.Release|Any CPU.ActiveCfg = Release|Any CPU
		{E54207C4-3352-4146-A0D7-E997C78B7A12}.Release|Any CPU.Build.0 = Release|Any CPU
		{53CFF431-FF92-447A-ADF7-6AF4F3823011}.Debug|Any CPU.ActiveCfg = Debug|Any CPU
		{53CFF431-FF92-447A-ADF7-6AF4F3823011}.Debug|Any CPU.Build.0 = Debug|Any CPU
		{53CFF431-FF92-447A-ADF7-6AF4F3823011}.Release|Any CPU.ActiveCfg = Release|Any CPU
		{53CFF431-FF92-447A-ADF7-6AF4F3823011}.Release|Any CPU.Build.0 = Release|Any CPU
	EndGlobalSection
	GlobalSection(SolutionProperties) = preSolution
		HideSolutionNode = FALSE
	EndGlobalSection
	GlobalSection(ExtensibilityGlobals) = postSolution
		SolutionGuid = {3CA9961B-6030-4E40-A5E4-80819B808698}
	EndGlobalSection
EndGlobal
